
Microsoft Visual Studio Solution File, Format Version 12.00
# Visual Studio Version 17
VisualStudioVersion = 17.7.34003.232
MinimumVisualStudioVersion = 10.0.40219.1
Project("{FAE04EC0-301F-11D3-BF4B-00C04F79EFBC}") = "reverseelementinthearray", "reverseelementinthearray\reverseelementinthearray.csproj", "{A29AC610-6E4F-416D-BF23-94CC2F9EB8C1}"
EndProject
Global
	GlobalSection(SolutionConfigurationPlatforms) = preSolution
		Debug|Any CPU = Debug|Any CPU
		Release|Any CPU = Release|Any CPU
	EndGlobalSection
	GlobalSection(ProjectConfigurationPlatforms) = postSolution
		{A29AC610-6E4F-416D-BF23-94CC2F9EB8C1}.Debug|Any CPU.ActiveCfg = Debug|Any CPU
		{A29AC610-6E4F-416D-BF23-94CC2F9EB8C1}.Debug|Any CPU.Build.0 = Debug|Any CPU
		{A29AC610-6E4F-416D-BF23-94CC2F9EB8C1}.Release|Any CPU.ActiveCfg = Release|Any CPU
		{A29AC610-6E4F-416D-BF23-94CC2F9EB8C1}.Release|Any CPU.Build.0 = Release|Any CPU
	EndGlobalSection
	GlobalSection(SolutionProperties) = preSolution
		HideSolutionNode = FALSE
	EndGlobalSection
	GlobalSection(ExtensibilityGlobals) = postSolution
		SolutionGuid = {2A2901F8-7473-43C1-9387-E47B8C138B50}
	EndGlobalSection
EndGlobal
